// !$*UTF8*$!
{
	archiveVersion = 1;
	classes = {
	};
	objectVersion = 52;
	objects = {

/* Begin PBXBuildFile section */
		8B78D9FA232421DC000AE2A3 /* AppDelegate.swift in Sources */ = {isa = PBXBuildFile; fileRef = 8B78D9F9232421DC000AE2A3 /* AppDelegate.swift */; };
		8B78D9FC232421DC000AE2A3 /* SceneDelegate.swift in Sources */ = {isa = PBXBuildFile; fileRef = 8B78D9FB232421DC000AE2A3 /* SceneDelegate.swift */; };
		8B78DA00232421DC000AE2A3 /* Assets.xcassets in Resources */ = {isa = PBXBuildFile; fileRef = 8B78D9FF232421DC000AE2A3 /* Assets.xcassets */; };
		8B78DA03232421DC000AE2A3 /* Preview Assets.xcassets in Resources */ = {isa = PBXBuildFile; fileRef = 8B78DA02232421DC000AE2A3 /* Preview Assets.xcassets */; };
		8B78DA06232421DC000AE2A3 /* LaunchScreen.storyboard in Resources */ = {isa = PBXBuildFile; fileRef = 8B78DA04232421DC000AE2A3 /* LaunchScreen.storyboard */; };
		8B78DA0F232422A7000AE2A3 /* Shank in Frameworks */ = {isa = PBXBuildFile; productRef = 8B78DA0E232422A7000AE2A3 /* Shank */; };
		8B78DA122324238C000AE2A3 /* ViewController.swift in Sources */ = {isa = PBXBuildFile; fileRef = 8B78DA112324238C000AE2A3 /* ViewController.swift */; };
		8B78DA142324240D000AE2A3 /* Main.storyboard in Resources */ = {isa = PBXBuildFile; fileRef = 8B78DA132324240D000AE2A3 /* Main.storyboard */; };
		8B78DA3A23242854000AE2A3 /* AppModule.swift in Sources */ = {isa = PBXBuildFile; fileRef = 8B78DA3923242854000AE2A3 /* AppModule.swift */; };
		8B78DA3C232522C9000AE2A3 /* ContentView.swift in Sources */ = {isa = PBXBuildFile; fileRef = 8B78DA3B232522C9000AE2A3 /* ContentView.swift */; };
/* End PBXBuildFile section */

/* Begin PBXFileReference section */
		8B78D9F6232421DC000AE2A3 /* ShankExamples.app */ = {isa = PBXFileReference; explicitFileType = wrapper.application; includeInIndex = 0; path = ShankExamples.app; sourceTree = BUILT_PRODUCTS_DIR; };
		8B78D9F9232421DC000AE2A3 /* AppDelegate.swift */ = {isa = PBXFileReference; lastKnownFileType = sourcecode.swift; path = AppDelegate.swift; sourceTree = "<group>"; };
		8B78D9FB232421DC000AE2A3 /* SceneDelegate.swift */ = {isa = PBXFileReference; lastKnownFileType = sourcecode.swift; path = SceneDelegate.swift; sourceTree = "<group>"; };
		8B78D9FF232421DC000AE2A3 /* Assets.xcassets */ = {isa = PBXFileReference; lastKnownFileType = folder.assetcatalog; path = Assets.xcassets; sourceTree = "<group>"; };
		8B78DA02232421DC000AE2A3 /* Preview Assets.xcassets */ = {isa = PBXFileReference; lastKnownFileType = folder.assetcatalog; path = "Preview Assets.xcassets"; sourceTree = "<group>"; };
		8B78DA05232421DC000AE2A3 /* Base */ = {isa = PBXFileReference; lastKnownFileType = file.storyboard; name = Base; path = Base.lproj/LaunchScreen.storyboard; sourceTree = "<group>"; };
		8B78DA07232421DC000AE2A3 /* Info.plist */ = {isa = PBXFileReference; lastKnownFileType = text.plist.xml; path = Info.plist; sourceTree = "<group>"; };
		8B78DA112324238C000AE2A3 /* ViewController.swift */ = {isa = PBXFileReference; lastKnownFileType = sourcecode.swift; path = ViewController.swift; sourceTree = "<group>"; };
		8B78DA132324240D000AE2A3 /* Main.storyboard */ = {isa = PBXFileReference; lastKnownFileType = file.storyboard; path = Main.storyboard; sourceTree = "<group>"; };
		8B78DA17232426E8000AE2A3 /* UIKit.framework */ = {isa = PBXFileReference; lastKnownFileType = wrapper.framework; name = UIKit.framework; path = System/Library/Frameworks/UIKit.framework; sourceTree = SDKROOT; };
		8B78DA3923242854000AE2A3 /* AppModule.swift */ = {isa = PBXFileReference; lastKnownFileType = sourcecode.swift; path = AppModule.swift; sourceTree = "<group>"; };
		8B78DA3B232522C9000AE2A3 /* ContentView.swift */ = {isa = PBXFileReference; lastKnownFileType = sourcecode.swift; path = ContentView.swift; sourceTree = "<group>"; };
/* End PBXFileReference section */

/* Begin PBXFrameworksBuildPhase section */
		8B78D9F3232421DC000AE2A3 /* Frameworks */ = {
			isa = PBXFrameworksBuildPhase;
			buildActionMask = 2147483647;
			files = (
				8B78DA0F232422A7000AE2A3 /* Shank in Frameworks */,
			);
			runOnlyForDeploymentPostprocessing = 0;
		};
/* End PBXFrameworksBuildPhase section */

/* Begin PBXGroup section */
		8B78D9ED232421DC000AE2A3 = {
			isa = PBXGroup;
			children = (
				8B78D9F8232421DC000AE2A3 /* ShankExamples */,
				8B78D9F7232421DC000AE2A3 /* Products */,
				8B78DA0D232422A7000AE2A3 /* Frameworks */,
			);
			sourceTree = "<group>";
		};
		8B78D9F7232421DC000AE2A3 /* Products */ = {
			isa = PBXGroup;
			children = (
				8B78D9F6232421DC000AE2A3 /* ShankExamples.app */,
			);
			name = Products;
			sourceTree = "<group>";
		};
		8B78D9F8232421DC000AE2A3 /* ShankExamples */ = {
			isa = PBXGroup;
			children = (
				8B78D9F9232421DC000AE2A3 /* AppDelegate.swift */,
				8B78DA3923242854000AE2A3 /* AppModule.swift */,
				8B78D9FB232421DC000AE2A3 /* SceneDelegate.swift */,
				8B78DA112324238C000AE2A3 /* ViewController.swift */,
				8B78DA3B232522C9000AE2A3 /* ContentView.swift */,
				8B78D9FF232421DC000AE2A3 /* Assets.xcassets */,
				8B78DA132324240D000AE2A3 /* Main.storyboard */,
				8B78DA04232421DC000AE2A3 /* LaunchScreen.storyboard */,
				8B78DA07232421DC000AE2A3 /* Info.plist */,
				8B78DA01232421DC000AE2A3 /* Preview Content */,
			);
			path = ShankExamples;
			sourceTree = "<group>";
		};
		8B78DA01232421DC000AE2A3 /* Preview Content */ = {
			isa = PBXGroup;
			children = (
				8B78DA02232421DC000AE2A3 /* Preview Assets.xcassets */,
			);
			path = "Preview Content";
			sourceTree = "<group>";
		};
		8B78DA0D232422A7000AE2A3 /* Frameworks */ = {
			isa = PBXGroup;
			children = (
				8B78DA17232426E8000AE2A3 /* UIKit.framework */,
			);
			name = Frameworks;
			sourceTree = "<group>";
		};
/* End PBXGroup section */

/* Begin PBXNativeTarget section */
		8B78D9F5232421DC000AE2A3 /* ShankExamples */ = {
			isa = PBXNativeTarget;
			buildConfigurationList = 8B78DA0A232421DC000AE2A3 /* Build configuration list for PBXNativeTarget "ShankExamples" */;
			buildPhases = (
				8B78D9F2232421DC000AE2A3 /* Sources */,
				8B78D9F3232421DC000AE2A3 /* Frameworks */,
				8B78D9F4232421DC000AE2A3 /* Resources */,
			);
			buildRules = (
			);
			dependencies = (
			);
			name = ShankExamples;
			packageProductDependencies = (
				8B78DA0E232422A7000AE2A3 /* Shank */,
			);
			productName = ShankExamples;
			productReference = 8B78D9F6232421DC000AE2A3 /* ShankExamples.app */;
			productType = "com.apple.product-type.application";
		};
/* End PBXNativeTarget section */

/* Begin PBXProject section */
		8B78D9EE232421DC000AE2A3 /* Project object */ = {
			isa = PBXProject;
			attributes = {
				LastSwiftUpdateCheck = 1100;
				LastUpgradeCheck = 1100;
				ORGANIZATIONNAME = "Zamzam Inc.";
				TargetAttributes = {
					8B78D9F5232421DC000AE2A3 = {
						CreatedOnToolsVersion = 11.0;
					};
				};
			};
			buildConfigurationList = 8B78D9F1232421DC000AE2A3 /* Build configuration list for PBXProject "ShankExamples" */;
			compatibilityVersion = "Xcode 9.3";
			developmentRegion = en;
			hasScannedForEncodings = 0;
			knownRegions = (
				en,
				Base,
			);
			mainGroup = 8B78D9ED232421DC000AE2A3;
			productRefGroup = 8B78D9F7232421DC000AE2A3 /* Products */;
			projectDirPath = "";
			projectRoot = "";
			targets = (
				8B78D9F5232421DC000AE2A3 /* ShankExamples */,
			);
		};
/* End PBXProject section */

/* Begin PBXResourcesBuildPhase section */
		8B78D9F4232421DC000AE2A3 /* Resources */ = {
			isa = PBXResourcesBuildPhase;
			buildActionMask = 2147483647;
			files = (
				8B78DA06232421DC000AE2A3 /* LaunchScreen.storyboard in Resources */,
				8B78DA03232421DC000AE2A3 /* Preview Assets.xcassets in Resources */,
				8B78DA142324240D000AE2A3 /* Main.storyboard in Resources */,
				8B78DA00232421DC000AE2A3 /* Assets.xcassets in Resources */,
			);
			runOnlyForDeploymentPostprocessing = 0;
		};
/* End PBXResourcesBuildPhase section */

/* Begin PBXSourcesBuildPhase section */
		8B78D9F2232421DC000AE2A3 /* Sources */ = {
			isa = PBXSourcesBuildPhase;
			buildActionMask = 2147483647;
			files = (
				8B78D9FA232421DC000AE2A3 /* AppDelegate.swift in Sources */,
				8B78DA3C232522C9000AE2A3 /* ContentView.swift in Sources */,
				8B78DA3A23242854000AE2A3 /* AppModule.swift in Sources */,
				8B78D9FC232421DC000AE2A3 /* SceneDelegate.swift in Sources */,
				8B78DA122324238C000AE2A3 /* ViewController.swift in Sources */,
			);
			runOnlyForDeploymentPostprocessing = 0;
		};
/* End PBXSourcesBuildPhase section */

/* Begin PBXVariantGroup section */
		8B78DA04232421DC000AE2A3 /* LaunchScreen.storyboard */ = {
			isa = PBXVariantGroup;
			children = (
				8B78DA05232421DC000AE2A3 /* Base */,
			);
			name = LaunchScreen.storyboard;
			sourceTree = "<group>";
		};
/* End PBXVariantGroup section */

/* Begin XCBuildConfiguration section */
		8B78DA08232421DC000AE2A3 /* Debug */ = {
			isa = XCBuildConfiguration;
			buildSettings = {
				ALWAYS_SEARCH_USER_PATHS = NO;
				CLANG_ANALYZER_NONNULL = YES;
				CLANG_ANALYZER_NUMBER_OBJECT_CONVERSION = YES_AGGRESSIVE;
				CLANG_CXX_LANGUAGE_STANDARD = "gnu++14";
				CLANG_CXX_LIBRARY = "libc++";
				CLANG_ENABLE_MODULES = YES;
				CLANG_ENABLE_OBJC_ARC = YES;
				CLANG_ENABLE_OBJC_WEAK = YES;
				CLANG_WARN_BLOCK_CAPTURE_AUTORELEASING = YES;
				CLANG_WARN_BOOL_CONVERSION = YES;
				CLANG_WARN_COMMA = YES;
				CLANG_WARN_CONSTANT_CONVERSION = YES;
				CLANG_WARN_DEPRECATED_OBJC_IMPLEMENTATIONS = YES;
				CLANG_WARN_DIRECT_OBJC_ISA_USAGE = YES_ERROR;
				CLANG_WARN_DOCUMENTATION_COMMENTS = YES;
				CLANG_WARN_EMPTY_BODY = YES;
				CLANG_WARN_ENUM_CONVERSION = YES;
				CLANG_WARN_INFINITE_RECURSION = YES;
				CLANG_WARN_INT_CONVERSION = YES;
				CLANG_WARN_NON_LITERAL_NULL_CONVERSION = YES;
				CLANG_WARN_OBJC_IMPLICIT_RETAIN_SELF = YES;
				CLANG_WARN_OBJC_LITERAL_CONVERSION = YES;
				CLANG_WARN_OBJC_ROOT_CLASS = YES_ERROR;
				CLANG_WARN_RANGE_LOOP_ANALYSIS = YES;
				CLANG_WARN_STRICT_PROTOTYPES = YES;
				CLANG_WARN_SUSPICIOUS_MOVE = YES;
				CLANG_WARN_UNGUARDED_AVAILABILITY = YES_AGGRESSIVE;
				CLANG_WARN_UNREACHABLE_CODE = YES;
				CLANG_WARN__DUPLICATE_METHOD_MATCH = YES;
				COPY_PHASE_STRIP = NO;
				DEBUG_INFORMATION_FORMAT = dwarf;
				ENABLE_STRICT_OBJC_MSGSEND = YES;
				ENABLE_TESTABILITY = YES;
				GCC_C_LANGUAGE_STANDARD = gnu11;
				GCC_DYNAMIC_NO_PIC = NO;
				GCC_NO_COMMON_BLOCKS = YES;
				GCC_OPTIMIZATION_LEVEL = 0;
				GCC_PREPROCESSOR_DEFINITIONS = (
					"DEBUG=1",
					"$(inherited)",
				);
				GCC_WARN_64_TO_32_BIT_CONVERSION = YES;
				GCC_WARN_ABOUT_RETURN_TYPE = YES_ERROR;
				GCC_WARN_UNDECLARED_SELECTOR = YES;
				GCC_WARN_UNINITIALIZED_AUTOS = YES_AGGRESSIVE;
				GCC_WARN_UNUSED_FUNCTION = YES;
				GCC_WARN_UNUSED_VARIABLE = YES;
				IPHONEOS_DEPLOYMENT_TARGET = 11.4;
				MTL_ENABLE_DEBUG_INFO = INCLUDE_SOURCE;
				MTL_FAST_MATH = YES;
				ONLY_ACTIVE_ARCH = YES;
				SDKROOT = iphoneos;
				SWIFT_ACTIVE_COMPILATION_CONDITIONS = DEBUG;
				SWIFT_OPTIMIZATION_LEVEL = "-Onone";
			};
			name = Debug;
		};
		8B78DA09232421DC000AE2A3 /* Release */ = {
			isa = XCBuildConfiguration;
			buildSettings = {
				ALWAYS_SEARCH_USER_PATHS = NO;
				CLANG_ANALYZER_NONNULL = YES;
				CLANG_ANALYZER_NUMBER_OBJECT_CONVERSION = YES_AGGRESSIVE;
				CLANG_CXX_LANGUAGE_STANDARD = "gnu++14";
				CLANG_CXX_LIBRARY = "libc++";
				CLANG_ENABLE_MODULES = YES;
				CLANG_ENABLE_OBJC_ARC = YES;
				CLANG_ENABLE_OBJC_WEAK = YES;
				CLANG_WARN_BLOCK_CAPTURE_AUTORELEASING = YES;
				CLANG_WARN_BOOL_CONVERSION = YES;
				CLANG_WARN_COMMA = YES;
				CLANG_WARN_CONSTANT_CONVERSION = YES;
				CLANG_WARN_DEPRECATED_OBJC_IMPLEMENTATIONS = YES;
				CLANG_WARN_DIRECT_OBJC_ISA_USAGE = YES_ERROR;
				CLANG_WARN_DOCUMENTATION_COMMENTS = YES;
				CLANG_WARN_EMPTY_BODY = YES;
				CLANG_WARN_ENUM_CONVERSION = YES;
				CLANG_WARN_INFINITE_RECURSION = YES;
				CLANG_WARN_INT_CONVERSION = YES;
				CLANG_WARN_NON_LITERAL_NULL_CONVERSION = YES;
				CLANG_WARN_OBJC_IMPLICIT_RETAIN_SELF = YES;
				CLANG_WARN_OBJC_LITERAL_CONVERSION = YES;
				CLANG_WARN_OBJC_ROOT_CLASS = YES_ERROR;
				CLANG_WARN_RANGE_LOOP_ANALYSIS = YES;
				CLANG_WARN_STRICT_PROTOTYPES = YES;
				CLANG_WARN_SUSPICIOUS_MOVE = YES;
				CLANG_WARN_UNGUARDED_AVAILABILITY = YES_AGGRESSIVE;
				CLANG_WARN_UNREACHABLE_CODE = YES;
				CLANG_WARN__DUPLICATE_METHOD_MATCH = YES;
				COPY_PHASE_STRIP = NO;
				DEBUG_INFORMATION_FORMAT = "dwarf-with-dsym";
				ENABLE_NS_ASSERTIONS = NO;
				ENABLE_STRICT_OBJC_MSGSEND = YES;
				GCC_C_LANGUAGE_STANDARD = gnu11;
				GCC_NO_COMMON_BLOCKS = YES;
				GCC_WARN_64_TO_32_BIT_CONVERSION = YES;
				GCC_WARN_ABOUT_RETURN_TYPE = YES_ERROR;
				GCC_WARN_UNDECLARED_SELECTOR = YES;
				GCC_WARN_UNINITIALIZED_AUTOS = YES_AGGRESSIVE;
				GCC_WARN_UNUSED_FUNCTION = YES;
				GCC_WARN_UNUSED_VARIABLE = YES;
				IPHONEOS_DEPLOYMENT_TARGET = 11.4;
				MTL_ENABLE_DEBUG_INFO = NO;
				MTL_FAST_MATH = YES;
				SDKROOT = iphoneos;
				SWIFT_COMPILATION_MODE = wholemodule;
				SWIFT_OPTIMIZATION_LEVEL = "-O";
				VALIDATE_PRODUCT = YES;
			};
			name = Release;
		};
		8B78DA0B232421DC000AE2A3 /* Debug */ = {
			isa = XCBuildConfiguration;
			buildSettings = {
				ASSETCATALOG_COMPILER_APPICON_NAME = AppIcon;
				CODE_SIGN_STYLE = Automatic;
				DEVELOPMENT_ASSET_PATHS = "\"ShankExamples/Preview Content\"";
				DEVELOPMENT_TEAM = ZYJTUJP7C7;
				ENABLE_PREVIEWS = YES;
				INFOPLIST_FILE = ShankExamples/Info.plist;
				LD_RUNPATH_SEARCH_PATHS = (
					"$(inherited)",
					"@executable_path/Frameworks",
				);
				PRODUCT_BUNDLE_IDENTIFIER = io.zamzam.ShankExamples;
				PRODUCT_NAME = "$(TARGET_NAME)";
				SWIFT_VERSION = 5.0;
				TARGETED_DEVICE_FAMILY = "1,2";
			};
			name = Debug;
		};
		8B78DA0C232421DC000AE2A3 /* Release */ = {
			isa = XCBuildConfiguration;
			buildSettings = {
				ASSETCATALOG_COMPILER_APPICON_NAME = AppIcon;
				CODE_SIGN_STYLE = Automatic;
				DEVELOPMENT_ASSET_PATHS = "\"ShankExamples/Preview Content\"";
				DEVELOPMENT_TEAM = ZYJTUJP7C7;
				ENABLE_PREVIEWS = YES;
				INFOPLIST_FILE = ShankExamples/Info.plist;
				LD_RUNPATH_SEARCH_PATHS = (
					"$(inherited)",
					"@executable_path/Frameworks",
				);
				PRODUCT_BUNDLE_IDENTIFIER = io.zamzam.ShankExamples;
				PRODUCT_NAME = "$(TARGET_NAME)";
				SWIFT_VERSION = 5.0;
				TARGETED_DEVICE_FAMILY = "1,2";
			};
			name = Release;
		};
/* End XCBuildConfiguration section */

/* Begin XCConfigurationList section */
		8B78D9F1232421DC000AE2A3 /* Build configuration list for PBXProject "ShankExamples" */ = {
			isa = XCConfigurationList;
			buildConfigurations = (
				8B78DA08232421DC000AE2A3 /* Debug */,
				8B78DA09232421DC000AE2A3 /* Release */,
			);
			defaultConfigurationIsVisible = 0;
			defaultConfigurationName = Release;
		};
		8B78DA0A232421DC000AE2A3 /* Build configuration list for PBXNativeTarget "ShankExamples" */ = {
			isa = XCConfigurationList;
			buildConfigurations = (
				8B78DA0B232421DC000AE2A3 /* Debug */,
				8B78DA0C232421DC000AE2A3 /* Release */,
			);
			defaultConfigurationIsVisible = 0;
			defaultConfigurationName = Release;
		};
/* End XCConfigurationList section */

/* Begin XCSwiftPackageProductDependency section */
		8B78DA0E232422A7000AE2A3 /* Shank */ = {
			isa = XCSwiftPackageProductDependency;
			productName = Shank;
		};
/* End XCSwiftPackageProductDependency section */
	};
	rootObject = 8B78D9EE232421DC000AE2A3 /* Project object */;
}
